<?xml version="1.0" encoding="utf-8"?>
<Project ToolsVersion="4.0" xmlns="http://schemas.microsoft.com/developer/msbuild/2003">
  <ItemGroup>
    <ClCompile Include="CS-103_Team_Assignment.cpp" />
    <ClCompile Include="Sha256.cpp" />
  </ItemGroup>
  <ItemGroup>
    <ClInclude Include="Common.h" />
    <ClInclude Include="Payments.h" />
    <ClInclude Include="orderFood.h" />
    <ClInclude Include="Menus.h" />
    <ClInclude Include="Sha256.h" />
  </ItemGroup>
</Project>